
Microsoft Visual Studio Solution File, Format Version 12.00
# Visual Studio 2012
Project("{FAE04EC0-301F-11D3-BF4B-00C04F79EFBC}") = "PersonalAdministrator", "PersonalAdministrator\PersonalAdministrator.csproj", "{F52E98E3-8513-4684-AE67-7FD14CFA4BC4}"
EndProject
Project("{FAE04EC0-301F-11D3-BF4B-00C04F79EFBC}") = "ConsoleApplicationForDebugging", "ConsoleApplicationForDebugging\ConsoleApplicationForDebugging.csproj", "{4814EF06-A532-4180-BDE1-D08B03FC9640}"
EndProject
Global
	GlobalSection(SolutionConfigurationPlatforms) = preSolution
		Debug|Any CPU = Debug|Any CPU
		Release|Any CPU = Release|Any CPU
	EndGlobalSection
	GlobalSection(ProjectConfigurationPlatforms) = postSolution
		{4814EF06-A532-4180-BDE1-D08B03FC9640}.Debug|Any CPU.ActiveCfg = Debug|Any CPU
		{4814EF06-A532-4180-BDE1-D08B03FC9640}.Debug|Any CPU.Build.0 = Debug|Any CPU
		{4814EF06-A532-4180-BDE1-D08B03FC9640}.Release|Any CPU.ActiveCfg = Release|Any CPU
		{4814EF06-A532-4180-BDE1-D08B03FC9640}.Release|Any CPU.Build.0 = Release|Any CPU
		{F52E98E3-8513-4684-AE67-7FD14CFA4BC4}.Debug|Any CPU.ActiveCfg = Debug|Any CPU
		{F52E98E3-8513-4684-AE67-7FD14CFA4BC4}.Debug|Any CPU.Build.0 = Debug|Any CPU
		{F52E98E3-8513-4684-AE67-7FD14CFA4BC4}.Release|Any CPU.ActiveCfg = Release|Any CPU
		{F52E98E3-8513-4684-AE67-7FD14CFA4BC4}.Release|Any CPU.Build.0 = Release|Any CPU
	EndGlobalSection
	GlobalSection(SolutionProperties) = preSolution
		HideSolutionNode = FALSE
	EndGlobalSection
EndGlobal
